
Microsoft Visual Studio Solution File, Format Version 12.00
# Visual Studio 15
VisualStudioVersion = 15.0.26124.0
MinimumVisualStudioVersion = 15.0.26124.0
Project("{FAE04EC0-301F-11D3-BF4B-00C04F79EFBC}") = "NCoreUtils.Data.Abstractions", "NCoreUtils.Data.Abstractions\NCoreUtils.Data.Abstractions.csproj", "{05528B4B-963F-43E6-B3CF-52BCC9857812}"
EndProject
Project("{FAE04EC0-301F-11D3-BF4B-00C04F79EFBC}") = "NCoreUtils.Data.EntityFrameworkCore", "NCoreUtils.Data.EntityFrameworkCore\NCoreUtils.Data.EntityFrameworkCore.csproj", "{720EBAD9-3B45-4B38-8BE5-42097E2506F1}"
EndProject
Project("{FAE04EC0-301F-11D3-BF4B-00C04F79EFBC}") = "NCoreUtils.Data", "NCoreUtils.Data\NCoreUtils.Data.csproj", "{0844F9DD-DF3E-4C1D-8EBF-531743E3F0A9}"
EndProject
Project("{FAE04EC0-301F-11D3-BF4B-00C04F79EFBC}") = "NCoreUtils.Data.EntityFrameworkCore.ModelBuilderExtensions", "NCoreUtils.Data.EntityFrameworkCore.ModelBuilderExtensions\NCoreUtils.Data.EntityFrameworkCore.ModelBuilderExtensions.csproj", "{0C6CE457-2440-4670-84E9-6EADDD8301D0}"
EndProject
Project("{FAE04EC0-301F-11D3-BF4B-00C04F79EFBC}") = "NCoreUtils.Data.IdName", "NCoreUtils.Data.IdName\NCoreUtils.Data.IdName.csproj", "{D02CEEE1-D5BC-42E9-9871-82552FE663CC}"
EndProject
Project("{FAE04EC0-301F-11D3-BF4B-00C04F79EFBC}") = "NCoreUtils.Data.IdName.Abstractions", "NCoreUtils.Data.IdName.Abstractions\NCoreUtils.Data.IdName.Abstractions.csproj", "{27146F4D-32E7-4F11-8DB5-AD2E479C3CC4}"
EndProject
Project("{FAE04EC0-301F-11D3-BF4B-00C04F79EFBC}") = "NCoreUtils.Data.IdName.EntityFrameworkCore", "NCoreUtils.Data.IdName.EntityFrameworkCore\NCoreUtils.Data.IdName.EntityFrameworkCore.csproj", "{4593D979-2543-4192-AA77-6BB642025A65}"
EndProject
Project("{FAE04EC0-301F-11D3-BF4B-00C04F79EFBC}") = "NCoreUtils.Data.IdName.Unit", "NCoreUtils.Data.IdName.Unit\NCoreUtils.Data.IdName.Unit.csproj", "{DEF0E34D-9FFE-42B4-B77D-99988EA93A51}"
EndProject
Project("{FAE04EC0-301F-11D3-BF4B-00C04F79EFBC}") = "NCoreUtils.Data.IdName.EntityFrameworkCore.Abstractions", "NCoreUtils.Data.IdName.EntityFrameworkCore.Abstractions\NCoreUtils.Data.IdName.EntityFrameworkCore.Abstractions.csproj", "{E48E0A57-13C0-4089-B422-19147549F48D}"
EndProject
Project("{FAE04EC0-301F-11D3-BF4B-00C04F79EFBC}") = "NCoreUtils.AspNetCore.Data", "NCoreUtils.AspNetCore.Data\NCoreUtils.AspNetCore.Data.csproj", "{3E5791C8-7DF6-4E8F-BE4A-F950ADB8329C}"
EndProject
Project("{FAE04EC0-301F-11D3-BF4B-00C04F79EFBC}") = "NCoreUtils.Data.Internal", "NCoreUtils.Data.Internal\NCoreUtils.Data.Internal.csproj", "{54CF3A18-90AA-4735-8649-A1AFAE9D5DA8}"
EndProject
Project("{FAE04EC0-301F-11D3-BF4B-00C04F79EFBC}") = "NCoreUtils.Data.Mapping", "NCoreUtils.Data.Mapping\NCoreUtils.Data.Mapping.csproj", "{FB807104-D117-4562-925E-AD5F7A6194C4}"
EndProject
Project("{FAE04EC0-301F-11D3-BF4B-00C04F79EFBC}") = "NCoreUtils.Data.Rest", "NCoreUtils.Data.Rest\NCoreUtils.Data.Rest.csproj", "{604FCC40-9212-4D36-B544-F9C4DEA54A1B}"
EndProject
Project("{FAE04EC0-301F-11D3-BF4B-00C04F79EFBC}") = "NCoreUtils.Data.Google.Cloud.Firestore", "NCoreUtils.Data.Google.Cloud.Firestore\NCoreUtils.Data.Google.Cloud.Firestore.csproj", "{958579F5-2E92-4948-BF8C-C3BDBB31CF47}"
EndProject
Project("{FAE04EC0-301F-11D3-BF4B-00C04F79EFBC}") = "NCoreUtils.Data.Google.Cloud.Firestore.Unit", "NCoreUtils.Data.Google.Cloud.Firestore.Unit\NCoreUtils.Data.Google.Cloud.Firestore.Unit.csproj", "{6BF8B270-6FD5-4E5A-8D6D-E650679C97B3}"
EndProject
Project("{FAE04EC0-301F-11D3-BF4B-00C04F79EFBC}") = "NCoreUtils.Data.Conventions", "NCoreUtils.Data.Conventions\NCoreUtils.Data.Conventions.csproj", "{E30F572B-D495-47C2-B021-5604EB645DD4}"
EndProject
Project("{FAE04EC0-301F-11D3-BF4B-00C04F79EFBC}") = "NCoreUtils.Data.InMemory", "NCoreUtils.Data.InMemory\NCoreUtils.Data.InMemory.csproj", "{A7BD7978-55CE-45DA-AF98-1021F2B3DFAD}"
EndProject
Project("{FAE04EC0-301F-11D3-BF4B-00C04F79EFBC}") = "NCoreUtils.Data.EntityFrameworkCore.Extensions", "NCoreUtils.Data.EntityFrameworkCore.Extensions\NCoreUtils.Data.EntityFrameworkCore.Extensions.csproj", "{5227C939-E0D4-4B25-84CD-99B35A1E5399}"
EndProject
Project("{FAE04EC0-301F-11D3-BF4B-00C04F79EFBC}") = "NCoreUtils.Data.EntityFrameworkCore.Extensions.Generator", "NCoreUtils.Data.EntityFrameworkCore.Extensions.Generator\NCoreUtils.Data.EntityFrameworkCore.Extensions.Generator.csproj", "{EAC8B323-2536-411C-95F8-BF9FA2AF3565}"
EndProject
Project("{FAE04EC0-301F-11D3-BF4B-00C04F79EFBC}") = "NCoreUtils.Data.EntityFrameworkCore.Extensions.Generator.Debug", "NCoreUtils.Data.EntityFrameworkCore.Extensions.Generator.Debug\NCoreUtils.Data.EntityFrameworkCore.Extensions.Generator.Debug.csproj", "{A0C6F230-54F9-438E-8292-A618D195D5EB}"
EndProject
Global
	GlobalSection(SolutionConfigurationPlatforms) = preSolution
		Debug|Any CPU = Debug|Any CPU
		Debug|x64 = Debug|x64
		Debug|x86 = Debug|x86
		Release|Any CPU = Release|Any CPU
		Release|x64 = Release|x64
		Release|x86 = Release|x86
	EndGlobalSection
	GlobalSection(SolutionProperties) = preSolution
		HideSolutionNode = FALSE
	EndGlobalSection
	GlobalSection(ProjectConfigurationPlatforms) = postSolution
		{05528B4B-963F-43E6-B3CF-52BCC9857812}.Debug|Any CPU.ActiveCfg = Debug|Any CPU
		{05528B4B-963F-43E6-B3CF-52BCC9857812}.Debug|Any CPU.Build.0 = Debug|Any CPU
		{05528B4B-963F-43E6-B3CF-52BCC9857812}.Debug|x64.ActiveCfg = Debug|x64
		{05528B4B-963F-43E6-B3CF-52BCC9857812}.Debug|x64.Build.0 = Debug|x64
		{05528B4B-963F-43E6-B3CF-52BCC9857812}.Debug|x86.ActiveCfg = Debug|x86
		{05528B4B-963F-43E6-B3CF-52BCC9857812}.Debug|x86.Build.0 = Debug|x86
		{05528B4B-963F-43E6-B3CF-52BCC9857812}.Release|Any CPU.ActiveCfg = Release|Any CPU
		{05528B4B-963F-43E6-B3CF-52BCC9857812}.Release|Any CPU.Build.0 = Release|Any CPU
		{05528B4B-963F-43E6-B3CF-52BCC9857812}.Release|x64.ActiveCfg = Release|x64
		{05528B4B-963F-43E6-B3CF-52BCC9857812}.Release|x64.Build.0 = Release|x64
		{05528B4B-963F-43E6-B3CF-52BCC9857812}.Release|x86.ActiveCfg = Release|x86
		{05528B4B-963F-43E6-B3CF-52BCC9857812}.Release|x86.Build.0 = Release|x86
		{720EBAD9-3B45-4B38-8BE5-42097E2506F1}.Debug|Any CPU.ActiveCfg = Debug|Any CPU
		{720EBAD9-3B45-4B38-8BE5-42097E2506F1}.Debug|Any CPU.Build.0 = Debug|Any CPU
		{720EBAD9-3B45-4B38-8BE5-42097E2506F1}.Debug|x64.ActiveCfg = Debug|x64
		{720EBAD9-3B45-4B38-8BE5-42097E2506F1}.Debug|x64.Build.0 = Debug|x64
		{720EBAD9-3B45-4B38-8BE5-42097E2506F1}.Debug|x86.ActiveCfg = Debug|x86
		{720EBAD9-3B45-4B38-8BE5-42097E2506F1}.Debug|x86.Build.0 = Debug|x86
		{720EBAD9-3B45-4B38-8BE5-42097E2506F1}.Release|Any CPU.ActiveCfg = Release|Any CPU
		{720EBAD9-3B45-4B38-8BE5-42097E2506F1}.Release|Any CPU.Build.0 = Release|Any CPU
		{720EBAD9-3B45-4B38-8BE5-42097E2506F1}.Release|x64.ActiveCfg = Release|x64
		{720EBAD9-3B45-4B38-8BE5-42097E2506F1}.Release|x64.Build.0 = Release|x64
		{720EBAD9-3B45-4B38-8BE5-42097E2506F1}.Release|x86.ActiveCfg = Release|x86
		{720EBAD9-3B45-4B38-8BE5-42097E2506F1}.Release|x86.Build.0 = Release|x86
		{0844F9DD-DF3E-4C1D-8EBF-531743E3F0A9}.Debug|Any CPU.ActiveCfg = Debug|Any CPU
		{0844F9DD-DF3E-4C1D-8EBF-531743E3F0A9}.Debug|Any CPU.Build.0 = Debug|Any CPU
		{0844F9DD-DF3E-4C1D-8EBF-531743E3F0A9}.Debug|x64.ActiveCfg = Debug|x64
		{0844F9DD-DF3E-4C1D-8EBF-531743E3F0A9}.Debug|x64.Build.0 = Debug|x64
		{0844F9DD-DF3E-4C1D-8EBF-531743E3F0A9}.Debug|x86.ActiveCfg = Debug|x86
		{0844F9DD-DF3E-4C1D-8EBF-531743E3F0A9}.Debug|x86.Build.0 = Debug|x86
		{0844F9DD-DF3E-4C1D-8EBF-531743E3F0A9}.Release|Any CPU.ActiveCfg = Release|Any CPU
		{0844F9DD-DF3E-4C1D-8EBF-531743E3F0A9}.Release|Any CPU.Build.0 = Release|Any CPU
		{0844F9DD-DF3E-4C1D-8EBF-531743E3F0A9}.Release|x64.ActiveCfg = Release|x64
		{0844F9DD-DF3E-4C1D-8EBF-531743E3F0A9}.Release|x64.Build.0 = Release|x64
		{0844F9DD-DF3E-4C1D-8EBF-531743E3F0A9}.Release|x86.ActiveCfg = Release|x86
		{0844F9DD-DF3E-4C1D-8EBF-531743E3F0A9}.Release|x86.Build.0 = Release|x86
		{0C6CE457-2440-4670-84E9-6EADDD8301D0}.Debug|Any CPU.ActiveCfg = Debug|Any CPU
		{0C6CE457-2440-4670-84E9-6EADDD8301D0}.Debug|Any CPU.Build.0 = Debug|Any CPU
		{0C6CE457-2440-4670-84E9-6EADDD8301D0}.Debug|x64.ActiveCfg = Debug|Any CPU
		{0C6CE457-2440-4670-84E9-6EADDD8301D0}.Debug|x64.Build.0 = Debug|Any CPU
		{0C6CE457-2440-4670-84E9-6EADDD8301D0}.Debug|x86.ActiveCfg = Debug|Any CPU
		{0C6CE457-2440-4670-84E9-6EADDD8301D0}.Debug|x86.Build.0 = Debug|Any CPU
		{0C6CE457-2440-4670-84E9-6EADDD8301D0}.Release|Any CPU.ActiveCfg = Release|Any CPU
		{0C6CE457-2440-4670-84E9-6EADDD8301D0}.Release|Any CPU.Build.0 = Release|Any CPU
		{0C6CE457-2440-4670-84E9-6EADDD8301D0}.Release|x64.ActiveCfg = Release|Any CPU
		{0C6CE457-2440-4670-84E9-6EADDD8301D0}.Release|x64.Build.0 = Release|Any CPU
		{0C6CE457-2440-4670-84E9-6EADDD8301D0}.Release|x86.ActiveCfg = Release|Any CPU
		{0C6CE457-2440-4670-84E9-6EADDD8301D0}.Release|x86.Build.0 = Release|Any CPU
		{D02CEEE1-D5BC-42E9-9871-82552FE663CC}.Debug|Any CPU.ActiveCfg = Debug|Any CPU
		{D02CEEE1-D5BC-42E9-9871-82552FE663CC}.Debug|Any CPU.Build.0 = Debug|Any CPU
		{D02CEEE1-D5BC-42E9-9871-82552FE663CC}.Debug|x64.ActiveCfg = Debug|Any CPU
		{D02CEEE1-D5BC-42E9-9871-82552FE663CC}.Debug|x64.Build.0 = Debug|Any CPU
		{D02CEEE1-D5BC-42E9-9871-82552FE663CC}.Debug|x86.ActiveCfg = Debug|Any CPU
		{D02CEEE1-D5BC-42E9-9871-82552FE663CC}.Debug|x86.Build.0 = Debug|Any CPU
		{D02CEEE1-D5BC-42E9-9871-82552FE663CC}.Release|Any CPU.ActiveCfg = Release|Any CPU
		{D02CEEE1-D5BC-42E9-9871-82552FE663CC}.Release|Any CPU.Build.0 = Release|Any CPU
		{D02CEEE1-D5BC-42E9-9871-82552FE663CC}.Release|x64.ActiveCfg = Release|Any CPU
		{D02CEEE1-D5BC-42E9-9871-82552FE663CC}.Release|x64.Build.0 = Release|Any CPU
		{D02CEEE1-D5BC-42E9-9871-82552FE663CC}.Release|x86.ActiveCfg = Release|Any CPU
		{D02CEEE1-D5BC-42E9-9871-82552FE663CC}.Release|x86.Build.0 = Release|Any CPU
		{27146F4D-32E7-4F11-8DB5-AD2E479C3CC4}.Debug|Any CPU.ActiveCfg = Debug|Any CPU
		{27146F4D-32E7-4F11-8DB5-AD2E479C3CC4}.Debug|Any CPU.Build.0 = Debug|Any CPU
		{27146F4D-32E7-4F11-8DB5-AD2E479C3CC4}.Debug|x64.ActiveCfg = Debug|Any CPU
		{27146F4D-32E7-4F11-8DB5-AD2E479C3CC4}.Debug|x64.Build.0 = Debug|Any CPU
		{27146F4D-32E7-4F11-8DB5-AD2E479C3CC4}.Debug|x86.ActiveCfg = Debug|Any CPU
		{27146F4D-32E7-4F11-8DB5-AD2E479C3CC4}.Debug|x86.Build.0 = Debug|Any CPU
		{27146F4D-32E7-4F11-8DB5-AD2E479C3CC4}.Release|Any CPU.ActiveCfg = Release|Any CPU
		{27146F4D-32E7-4F11-8DB5-AD2E479C3CC4}.Release|Any CPU.Build.0 = Release|Any CPU
		{27146F4D-32E7-4F11-8DB5-AD2E479C3CC4}.Release|x64.ActiveCfg = Release|Any CPU
		{27146F4D-32E7-4F11-8DB5-AD2E479C3CC4}.Release|x64.Build.0 = Release|Any CPU
		{27146F4D-32E7-4F11-8DB5-AD2E479C3CC4}.Release|x86.ActiveCfg = Release|Any CPU
		{27146F4D-32E7-4F11-8DB5-AD2E479C3CC4}.Release|x86.Build.0 = Release|Any CPU
		{4593D979-2543-4192-AA77-6BB642025A65}.Debug|Any CPU.ActiveCfg = Debug|Any CPU
		{4593D979-2543-4192-AA77-6BB642025A65}.Debug|Any CPU.Build.0 = Debug|Any CPU
		{4593D979-2543-4192-AA77-6BB642025A65}.Debug|x64.ActiveCfg = Debug|Any CPU
		{4593D979-2543-4192-AA77-6BB642025A65}.Debug|x64.Build.0 = Debug|Any CPU
		{4593D979-2543-4192-AA77-6BB642025A65}.Debug|x86.ActiveCfg = Debug|Any CPU
		{4593D979-2543-4192-AA77-6BB642025A65}.Debug|x86.Build.0 = Debug|Any CPU
		{4593D979-2543-4192-AA77-6BB642025A65}.Release|Any CPU.ActiveCfg = Release|Any CPU
		{4593D979-2543-4192-AA77-6BB642025A65}.Release|Any CPU.Build.0 = Release|Any CPU
		{4593D979-2543-4192-AA77-6BB642025A65}.Release|x64.ActiveCfg = Release|Any CPU
		{4593D979-2543-4192-AA77-6BB642025A65}.Release|x64.Build.0 = Release|Any CPU
		{4593D979-2543-4192-AA77-6BB642025A65}.Release|x86.ActiveCfg = Release|Any CPU
		{4593D979-2543-4192-AA77-6BB642025A65}.Release|x86.Build.0 = Release|Any CPU
		{DEF0E34D-9FFE-42B4-B77D-99988EA93A51}.Debug|Any CPU.ActiveCfg = Debug|Any CPU
		{DEF0E34D-9FFE-42B4-B77D-99988EA93A51}.Debug|Any CPU.Build.0 = Debug|Any CPU
		{DEF0E34D-9FFE-42B4-B77D-99988EA93A51}.Debug|x64.ActiveCfg = Debug|Any CPU
		{DEF0E34D-9FFE-42B4-B77D-99988EA93A51}.Debug|x64.Build.0 = Debug|Any CPU
		{DEF0E34D-9FFE-42B4-B77D-99988EA93A51}.Debug|x86.ActiveCfg = Debug|Any CPU
		{DEF0E34D-9FFE-42B4-B77D-99988EA93A51}.Debug|x86.Build.0 = Debug|Any CPU
		{DEF0E34D-9FFE-42B4-B77D-99988EA93A51}.Release|Any CPU.ActiveCfg = Release|Any CPU
		{DEF0E34D-9FFE-42B4-B77D-99988EA93A51}.Release|Any CPU.Build.0 = Release|Any CPU
		{DEF0E34D-9FFE-42B4-B77D-99988EA93A51}.Release|x64.ActiveCfg = Release|Any CPU
		{DEF0E34D-9FFE-42B4-B77D-99988EA93A51}.Release|x64.Build.0 = Release|Any CPU
		{DEF0E34D-9FFE-42B4-B77D-99988EA93A51}.Release|x86.ActiveCfg = Release|Any CPU
		{DEF0E34D-9FFE-42B4-B77D-99988EA93A51}.Release|x86.Build.0 = Release|Any CPU
		{E48E0A57-13C0-4089-B422-19147549F48D}.Debug|Any CPU.ActiveCfg = Debug|Any CPU
		{E48E0A57-13C0-4089-B422-19147549F48D}.Debug|Any CPU.Build.0 = Debug|Any CPU
		{E48E0A57-13C0-4089-B422-19147549F48D}.Debug|x64.ActiveCfg = Debug|Any CPU
		{E48E0A57-13C0-4089-B422-19147549F48D}.Debug|x64.Build.0 = Debug|Any CPU
		{E48E0A57-13C0-4089-B422-19147549F48D}.Debug|x86.ActiveCfg = Debug|Any CPU
		{E48E0A57-13C0-4089-B422-19147549F48D}.Debug|x86.Build.0 = Debug|Any CPU
		{E48E0A57-13C0-4089-B422-19147549F48D}.Release|Any CPU.ActiveCfg = Release|Any CPU
		{E48E0A57-13C0-4089-B422-19147549F48D}.Release|Any CPU.Build.0 = Release|Any CPU
		{E48E0A57-13C0-4089-B422-19147549F48D}.Release|x64.ActiveCfg = Release|Any CPU
		{E48E0A57-13C0-4089-B422-19147549F48D}.Release|x64.Build.0 = Release|Any CPU
		{E48E0A57-13C0-4089-B422-19147549F48D}.Release|x86.ActiveCfg = Release|Any CPU
		{E48E0A57-13C0-4089-B422-19147549F48D}.Release|x86.Build.0 = Release|Any CPU
		{3E5791C8-7DF6-4E8F-BE4A-F950ADB8329C}.Debug|Any CPU.ActiveCfg = Debug|Any CPU
		{3E5791C8-7DF6-4E8F-BE4A-F950ADB8329C}.Debug|Any CPU.Build.0 = Debug|Any CPU
		{3E5791C8-7DF6-4E8F-BE4A-F950ADB8329C}.Debug|x64.ActiveCfg = Debug|Any CPU
		{3E5791C8-7DF6-4E8F-BE4A-F950ADB8329C}.Debug|x64.Build.0 = Debug|Any CPU
		{3E5791C8-7DF6-4E8F-BE4A-F950ADB8329C}.Debug|x86.ActiveCfg = Debug|Any CPU
		{3E5791C8-7DF6-4E8F-BE4A-F950ADB8329C}.Debug|x86.Build.0 = Debug|Any CPU
		{3E5791C8-7DF6-4E8F-BE4A-F950ADB8329C}.Release|Any CPU.ActiveCfg = Release|Any CPU
		{3E5791C8-7DF6-4E8F-BE4A-F950ADB8329C}.Release|Any CPU.Build.0 = Release|Any CPU
		{3E5791C8-7DF6-4E8F-BE4A-F950ADB8329C}.Release|x64.ActiveCfg = Release|Any CPU
		{3E5791C8-7DF6-4E8F-BE4A-F950ADB8329C}.Release|x64.Build.0 = Release|Any CPU
		{3E5791C8-7DF6-4E8F-BE4A-F950ADB8329C}.Release|x86.ActiveCfg = Release|Any CPU
		{3E5791C8-7DF6-4E8F-BE4A-F950ADB8329C}.Release|x86.Build.0 = Release|Any CPU
		{54CF3A18-90AA-4735-8649-A1AFAE9D5DA8}.Debug|Any CPU.ActiveCfg = Debug|Any CPU
		{54CF3A18-90AA-4735-8649-A1AFAE9D5DA8}.Debug|Any CPU.Build.0 = Debug|Any CPU
		{54CF3A18-90AA-4735-8649-A1AFAE9D5DA8}.Debug|x64.ActiveCfg = Debug|Any CPU
		{54CF3A18-90AA-4735-8649-A1AFAE9D5DA8}.Debug|x64.Build.0 = Debug|Any CPU
		{54CF3A18-90AA-4735-8649-A1AFAE9D5DA8}.Debug|x86.ActiveCfg = Debug|Any CPU
		{54CF3A18-90AA-4735-8649-A1AFAE9D5DA8}.Debug|x86.Build.0 = Debug|Any CPU
		{54CF3A18-90AA-4735-8649-A1AFAE9D5DA8}.Release|Any CPU.ActiveCfg = Release|Any CPU
		{54CF3A18-90AA-4735-8649-A1AFAE9D5DA8}.Release|Any CPU.Build.0 = Release|Any CPU
		{54CF3A18-90AA-4735-8649-A1AFAE9D5DA8}.Release|x64.ActiveCfg = Release|Any CPU
		{54CF3A18-90AA-4735-8649-A1AFAE9D5DA8}.Release|x64.Build.0 = Release|Any CPU
		{54CF3A18-90AA-4735-8649-A1AFAE9D5DA8}.Release|x86.ActiveCfg = Release|Any CPU
		{54CF3A18-90AA-4735-8649-A1AFAE9D5DA8}.Release|x86.Build.0 = Release|Any CPU
		{FB807104-D117-4562-925E-AD5F7A6194C4}.Debug|Any CPU.ActiveCfg = Debug|Any CPU
		{FB807104-D117-4562-925E-AD5F7A6194C4}.Debug|Any CPU.Build.0 = Debug|Any CPU
		{FB807104-D117-4562-925E-AD5F7A6194C4}.Debug|x64.ActiveCfg = Debug|Any CPU
		{FB807104-D117-4562-925E-AD5F7A6194C4}.Debug|x64.Build.0 = Debug|Any CPU
		{FB807104-D117-4562-925E-AD5F7A6194C4}.Debug|x86.ActiveCfg = Debug|Any CPU
		{FB807104-D117-4562-925E-AD5F7A6194C4}.Debug|x86.Build.0 = Debug|Any CPU
		{FB807104-D117-4562-925E-AD5F7A6194C4}.Release|Any CPU.ActiveCfg = Release|Any CPU
		{FB807104-D117-4562-925E-AD5F7A6194C4}.Release|Any CPU.Build.0 = Release|Any CPU
		{FB807104-D117-4562-925E-AD5F7A6194C4}.Release|x64.ActiveCfg = Release|Any CPU
		{FB807104-D117-4562-925E-AD5F7A6194C4}.Release|x64.Build.0 = Release|Any CPU
		{FB807104-D117-4562-925E-AD5F7A6194C4}.Release|x86.ActiveCfg = Release|Any CPU
		{FB807104-D117-4562-925E-AD5F7A6194C4}.Release|x86.Build.0 = Release|Any CPU
		{604FCC40-9212-4D36-B544-F9C4DEA54A1B}.Debug|Any CPU.ActiveCfg = Debug|Any CPU
		{604FCC40-9212-4D36-B544-F9C4DEA54A1B}.Debug|Any CPU.Build.0 = Debug|Any CPU
		{604FCC40-9212-4D36-B544-F9C4DEA54A1B}.Debug|x64.ActiveCfg = Debug|Any CPU
		{604FCC40-9212-4D36-B544-F9C4DEA54A1B}.Debug|x64.Build.0 = Debug|Any CPU
		{604FCC40-9212-4D36-B544-F9C4DEA54A1B}.Debug|x86.ActiveCfg = Debug|Any CPU
		{604FCC40-9212-4D36-B544-F9C4DEA54A1B}.Debug|x86.Build.0 = Debug|Any CPU
		{604FCC40-9212-4D36-B544-F9C4DEA54A1B}.Release|Any CPU.ActiveCfg = Release|Any CPU
		{604FCC40-9212-4D36-B544-F9C4DEA54A1B}.Release|Any CPU.Build.0 = Release|Any CPU
		{604FCC40-9212-4D36-B544-F9C4DEA54A1B}.Release|x64.ActiveCfg = Release|Any CPU
		{604FCC40-9212-4D36-B544-F9C4DEA54A1B}.Release|x64.Build.0 = Release|Any CPU
		{604FCC40-9212-4D36-B544-F9C4DEA54A1B}.Release|x86.ActiveCfg = Release|Any CPU
		{604FCC40-9212-4D36-B544-F9C4DEA54A1B}.Release|x86.Build.0 = Release|Any CPU
		{958579F5-2E92-4948-BF8C-C3BDBB31CF47}.Debug|Any CPU.ActiveCfg = Debug|Any CPU
		{958579F5-2E92-4948-BF8C-C3BDBB31CF47}.Debug|Any CPU.Build.0 = Debug|Any CPU
		{958579F5-2E92-4948-BF8C-C3BDBB31CF47}.Debug|x64.ActiveCfg = Debug|Any CPU
		{958579F5-2E92-4948-BF8C-C3BDBB31CF47}.Debug|x64.Build.0 = Debug|Any CPU
		{958579F5-2E92-4948-BF8C-C3BDBB31CF47}.Debug|x86.ActiveCfg = Debug|Any CPU
		{958579F5-2E92-4948-BF8C-C3BDBB31CF47}.Debug|x86.Build.0 = Debug|Any CPU
		{958579F5-2E92-4948-BF8C-C3BDBB31CF47}.Release|Any CPU.ActiveCfg = Release|Any CPU
		{958579F5-2E92-4948-BF8C-C3BDBB31CF47}.Release|Any CPU.Build.0 = Release|Any CPU
		{958579F5-2E92-4948-BF8C-C3BDBB31CF47}.Release|x64.ActiveCfg = Release|Any CPU
		{958579F5-2E92-4948-BF8C-C3BDBB31CF47}.Release|x64.Build.0 = Release|Any CPU
		{958579F5-2E92-4948-BF8C-C3BDBB31CF47}.Release|x86.ActiveCfg = Release|Any CPU
		{958579F5-2E92-4948-BF8C-C3BDBB31CF47}.Release|x86.Build.0 = Release|Any CPU
		{6BF8B270-6FD5-4E5A-8D6D-E650679C97B3}.Debug|Any CPU.ActiveCfg = Debug|Any CPU
		{6BF8B270-6FD5-4E5A-8D6D-E650679C97B3}.Debug|Any CPU.Build.0 = Debug|Any CPU
		{6BF8B270-6FD5-4E5A-8D6D-E650679C97B3}.Debug|x64.ActiveCfg = Debug|Any CPU
		{6BF8B270-6FD5-4E5A-8D6D-E650679C97B3}.Debug|x64.Build.0 = Debug|Any CPU
		{6BF8B270-6FD5-4E5A-8D6D-E650679C97B3}.Debug|x86.ActiveCfg = Debug|Any CPU
		{6BF8B270-6FD5-4E5A-8D6D-E650679C97B3}.Debug|x86.Build.0 = Debug|Any CPU
		{6BF8B270-6FD5-4E5A-8D6D-E650679C97B3}.Release|Any CPU.ActiveCfg = Release|Any CPU
		{6BF8B270-6FD5-4E5A-8D6D-E650679C97B3}.Release|Any CPU.Build.0 = Release|Any CPU
		{6BF8B270-6FD5-4E5A-8D6D-E650679C97B3}.Release|x64.ActiveCfg = Release|Any CPU
		{6BF8B270-6FD5-4E5A-8D6D-E650679C97B3}.Release|x64.Build.0 = Release|Any CPU
		{6BF8B270-6FD5-4E5A-8D6D-E650679C97B3}.Release|x86.ActiveCfg = Release|Any CPU
		{6BF8B270-6FD5-4E5A-8D6D-E650679C97B3}.Release|x86.Build.0 = Release|Any CPU
		{E30F572B-D495-47C2-B021-5604EB645DD4}.Debug|Any CPU.ActiveCfg = Debug|Any CPU
		{E30F572B-D495-47C2-B021-5604EB645DD4}.Debug|Any CPU.Build.0 = Debug|Any CPU
		{E30F572B-D495-47C2-B021-5604EB645DD4}.Debug|x64.ActiveCfg = Debug|Any CPU
		{E30F572B-D495-47C2-B021-5604EB645DD4}.Debug|x64.Build.0 = Debug|Any CPU
		{E30F572B-D495-47C2-B021-5604EB645DD4}.Debug|x86.ActiveCfg = Debug|Any CPU
		{E30F572B-D495-47C2-B021-5604EB645DD4}.Debug|x86.Build.0 = Debug|Any CPU
		{E30F572B-D495-47C2-B021-5604EB645DD4}.Release|Any CPU.ActiveCfg = Release|Any CPU
		{E30F572B-D495-47C2-B021-5604EB645DD4}.Release|Any CPU.Build.0 = Release|Any CPU
		{E30F572B-D495-47C2-B021-5604EB645DD4}.Release|x64.ActiveCfg = Release|Any CPU
		{E30F572B-D495-47C2-B021-5604EB645DD4}.Release|x64.Build.0 = Release|Any CPU
		{E30F572B-D495-47C2-B021-5604EB645DD4}.Release|x86.ActiveCfg = Release|Any CPU
		{E30F572B-D495-47C2-B021-5604EB645DD4}.Release|x86.Build.0 = Release|Any CPU
		{A7BD7978-55CE-45DA-AF98-1021F2B3DFAD}.Debug|Any CPU.ActiveCfg = Debug|Any CPU
		{A7BD7978-55CE-45DA-AF98-1021F2B3DFAD}.Debug|Any CPU.Build.0 = Debug|Any CPU
		{A7BD7978-55CE-45DA-AF98-1021F2B3DFAD}.Debug|x64.ActiveCfg = Debug|Any CPU
		{A7BD7978-55CE-45DA-AF98-1021F2B3DFAD}.Debug|x64.Build.0 = Debug|Any CPU
		{A7BD7978-55CE-45DA-AF98-1021F2B3DFAD}.Debug|x86.ActiveCfg = Debug|Any CPU
		{A7BD7978-55CE-45DA-AF98-1021F2B3DFAD}.Debug|x86.Build.0 = Debug|Any CPU
		{A7BD7978-55CE-45DA-AF98-1021F2B3DFAD}.Release|Any CPU.ActiveCfg = Release|Any CPU
		{A7BD7978-55CE-45DA-AF98-1021F2B3DFAD}.Release|Any CPU.Build.0 = Release|Any CPU
		{A7BD7978-55CE-45DA-AF98-1021F2B3DFAD}.Release|x64.ActiveCfg = Release|Any CPU
		{A7BD7978-55CE-45DA-AF98-1021F2B3DFAD}.Release|x64.Build.0 = Release|Any CPU
		{A7BD7978-55CE-45DA-AF98-1021F2B3DFAD}.Release|x86.ActiveCfg = Release|Any CPU
		{A7BD7978-55CE-45DA-AF98-1021F2B3DFAD}.Release|x86.Build.0 = Release|Any CPU
		{5227C939-E0D4-4B25-84CD-99B35A1E5399}.Debug|Any CPU.ActiveCfg = Debug|Any CPU
		{5227C939-E0D4-4B25-84CD-99B35A1E5399}.Debug|Any CPU.Build.0 = Debug|Any CPU
		{5227C939-E0D4-4B25-84CD-99B35A1E5399}.Debug|x64.ActiveCfg = Debug|Any CPU
		{5227C939-E0D4-4B25-84CD-99B35A1E5399}.Debug|x64.Build.0 = Debug|Any CPU
		{5227C939-E0D4-4B25-84CD-99B35A1E5399}.Debug|x86.ActiveCfg = Debug|Any CPU
		{5227C939-E0D4-4B25-84CD-99B35A1E5399}.Debug|x86.Build.0 = Debug|Any CPU
		{5227C939-E0D4-4B25-84CD-99B35A1E5399}.Release|Any CPU.ActiveCfg = Release|Any CPU
		{5227C939-E0D4-4B25-84CD-99B35A1E5399}.Release|Any CPU.Build.0 = Release|Any CPU
		{5227C939-E0D4-4B25-84CD-99B35A1E5399}.Release|x64.ActiveCfg = Release|Any CPU
		{5227C939-E0D4-4B25-84CD-99B35A1E5399}.Release|x64.Build.0 = Release|Any CPU
		{5227C939-E0D4-4B25-84CD-99B35A1E5399}.Release|x86.ActiveCfg = Release|Any CPU
		{5227C939-E0D4-4B25-84CD-99B35A1E5399}.Release|x86.Build.0 = Release|Any CPU
		{EAC8B323-2536-411C-95F8-BF9FA2AF3565}.Debug|Any CPU.ActiveCfg = Debug|Any CPU
		{EAC8B323-2536-411C-95F8-BF9FA2AF3565}.Debug|Any CPU.Build.0 = Debug|Any CPU
		{EAC8B323-2536-411C-95F8-BF9FA2AF3565}.Debug|x64.ActiveCfg = Debug|Any CPU
		{EAC8B323-2536-411C-95F8-BF9FA2AF3565}.Debug|x64.Build.0 = Debug|Any CPU
		{EAC8B323-2536-411C-95F8-BF9FA2AF3565}.Debug|x86.ActiveCfg = Debug|Any CPU
		{EAC8B323-2536-411C-95F8-BF9FA2AF3565}.Debug|x86.Build.0 = Debug|Any CPU
		{EAC8B323-2536-411C-95F8-BF9FA2AF3565}.Release|Any CPU.ActiveCfg = Release|Any CPU
		{EAC8B323-2536-411C-95F8-BF9FA2AF3565}.Release|Any CPU.Build.0 = Release|Any CPU
		{EAC8B323-2536-411C-95F8-BF9FA2AF3565}.Release|x64.ActiveCfg = Release|Any CPU
		{EAC8B323-2536-411C-95F8-BF9FA2AF3565}.Release|x64.Build.0 = Release|Any CPU
		{EAC8B323-2536-411C-95F8-BF9FA2AF3565}.Release|x86.ActiveCfg = Release|Any CPU
		{EAC8B323-2536-411C-95F8-BF9FA2AF3565}.Release|x86.Build.0 = Release|Any CPU
		{A0C6F230-54F9-438E-8292-A618D195D5EB}.Debug|Any CPU.ActiveCfg = Debug|Any CPU
		{A0C6F230-54F9-438E-8292-A618D195D5EB}.Debug|Any CPU.Build.0 = Debug|Any CPU
		{A0C6F230-54F9-438E-8292-A618D195D5EB}.Debug|x64.ActiveCfg = Debug|Any CPU
		{A0C6F230-54F9-438E-8292-A618D195D5EB}.Debug|x64.Build.0 = Debug|Any CPU
		{A0C6F230-54F9-438E-8292-A618D195D5EB}.Debug|x86.ActiveCfg = Debug|Any CPU
		{A0C6F230-54F9-438E-8292-A618D195D5EB}.Debug|x86.Build.0 = Debug|Any CPU
		{A0C6F230-54F9-438E-8292-A618D195D5EB}.Release|Any CPU.ActiveCfg = Release|Any CPU
		{A0C6F230-54F9-438E-8292-A618D195D5EB}.Release|Any CPU.Build.0 = Release|Any CPU
		{A0C6F230-54F9-438E-8292-A618D195D5EB}.Release|x64.ActiveCfg = Release|Any CPU
		{A0C6F230-54F9-438E-8292-A618D195D5EB}.Release|x64.Build.0 = Release|Any CPU
		{A0C6F230-54F9-438E-8292-A618D195D5EB}.Release|x86.ActiveCfg = Release|Any CPU
		{A0C6F230-54F9-438E-8292-A618D195D5EB}.Release|x86.Build.0 = Release|Any CPU
	EndGlobalSection
EndGlobal
